<?xml version="1.0" encoding="utf-8"?>
<Project ToolsVersion="4.0" xmlns="http://schemas.microsoft.com/developer/msbuild/2003">
  <ItemGroup>
    <Filter Include="소스 파일">
      <UniqueIdentifier>{4FC737F1-C7A5-4376-A066-2A32D752A2FF}</UniqueIdentifier>
      <Extensions>cpp;c;cc;cxx;c++;cppm;ixx;def;odl;idl;hpj;bat;asm;asmx</Extensions>
    </Filter>
    <Filter Include="리소스 파일">
      <UniqueIdentifier>{67DA6AB6-F800-4c08-8B7A-83BB121AAD01}</UniqueIdentifier>
      <Extensions>rc;ico;cur;bmp;dlg;rc2;rct;bin;rgs;gif;jpg;jpeg;jpe;resx;tiff;tif;png;wav;mfcribbon-ms</Extensions>
    </Filter>
    <Filter Include="소스 파일\Class">
      <UniqueIdentifier>{588aa978-9b3a-41a7-981a-743b5087c35c}</UniqueIdentifier>
    </Filter>
    <Filter Include="소스 파일\Algorithm">
      <UniqueIdentifier>{037b44e1-bc31-4d47-8f85-b96fecd57893}</UniqueIdentifier>
    </Filter>
    <Filter Include="소스 파일\SmartPointer">
      <UniqueIdentifier>{27f5a653-0296-48c4-96df-c42d5e7a0ea2}</UniqueIdentifier>
    </Filter>
    <Filter Include="소스 파일\LinkedList">
      <UniqueIdentifier>{10654d6c-745b-4437-bade-2ef9ea3f42fa}</UniqueIdentifier>
    </Filter>
    <Filter Include="소스 파일\constexpr">
      <UniqueIdentifier>{6675a622-d42a-4dd8-b4ac-f7357889f2e9}</UniqueIdentifier>
    </Filter>
    <Filter Include="소스 파일\Lambda">
      <UniqueIdentifier>{3142446d-cbbd-4a99-bea0-12445bf47b0b}</UniqueIdentifier>
    </Filter>
    <Filter Include="소스 파일\FileSystem">
      <UniqueIdentifier>{accb72e3-a2d2-417c-add8-63dd8912e156}</UniqueIdentifier>
    </Filter>
    <Filter Include="소스 파일\MultiThreading">
      <UniqueIdentifier>{0f0c159b-d7c6-4083-8d56-e5bf44c98e22}</UniqueIdentifier>
    </Filter>
  </ItemGroup>
  <ItemGroup>
    <ClCompile Include="Bat.cpp">
      <Filter>소스 파일\Class</Filter>
    </ClCompile>
    <ClCompile Include="Cat.cpp">
      <Filter>소스 파일\Class</Filter>
    </ClCompile>
    <ClCompile Include="Exception.cpp">
      <Filter>소스 파일\Class</Filter>
    </ClCompile>
    <ClCompile Include="Inventory.cpp">
      <Filter>소스 파일\Class</Filter>
    </ClCompile>
    <ClCompile Include="String.cpp">
      <Filter>소스 파일\Class</Filter>
    </ClCompile>
    <ClCompile Include="Vector.cpp">
      <Filter>소스 파일\Class</Filter>
    </ClCompile>
    <ClCompile Include="Algorithm.cpp">
      <Filter>소스 파일\Algorithm</Filter>
    </ClCompile>
    <ClCompile Include="main.cpp">
      <Filter>소스 파일</Filter>
    </ClCompile>
    <ClCompile Include="Person.cpp">
      <Filter>소스 파일\SmartPointer</Filter>
    </ClCompile>
    <ClCompile Include="Pet.cpp">
      <Filter>소스 파일\SmartPointer</Filter>
    </ClCompile>
    <ClCompile Include="linkedLIst.cpp">
      <Filter>소스 파일\LinkedList</Filter>
    </ClCompile>
    <ClCompile Include="Node.cpp">
      <Filter>소스 파일\LinkedList</Filter>
    </ClCompile>
    <ClCompile Include="Node2.cpp">
      <Filter>소스 파일\LinkedList</Filter>
    </ClCompile>
    <ClCompile Include="DoubleLinkedList.cpp">
      <Filter>소스 파일\LinkedList</Filter>
    </ClCompile>
    <ClCompile Include="SimpleHashMap.cpp">
      <Filter>소스 파일\constexpr</Filter>
    </ClCompile>
  </ItemGroup>
  <ItemGroup>
    <ClInclude Include="Bat.h">
      <Filter>소스 파일\Class</Filter>
    </ClInclude>
    <ClInclude Include="Cat.h">
      <Filter>소스 파일\Class</Filter>
    </ClInclude>
    <ClInclude Include="IFlyable.h">
      <Filter>소스 파일\Class</Filter>
    </ClInclude>
    <ClInclude Include="IWalkable.h">
      <Filter>소스 파일\Class</Filter>
    </ClInclude>
    <ClInclude Include="String.h">
      <Filter>소스 파일\Class</Filter>
    </ClInclude>
    <ClInclude Include="Vector.h">
      <Filter>소스 파일\Class</Filter>
    </ClInclude>
    <ClInclude Include="Exception.h">
      <Filter>소스 파일\Class</Filter>
    </ClInclude>
    <ClInclude Include="Inventory.h">
      <Filter>소스 파일\Class</Filter>
    </ClInclude>
    <ClInclude Include="Algorithm.h">
      <Filter>소스 파일\Algorithm</Filter>
    </ClInclude>
    <ClInclude Include="unorderedMap.h">
      <Filter>소스 파일\Algorithm</Filter>
    </ClInclude>
    <ClInclude Include="uniquePtr.h">
      <Filter>소스 파일\SmartPointer</Filter>
    </ClInclude>
    <ClInclude Include="CirculationDependency.h">
      <Filter>소스 파일\SmartPointer</Filter>
    </ClInclude>
    <ClInclude Include="Person.h">
      <Filter>소스 파일\SmartPointer</Filter>
    </ClInclude>
    <ClInclude Include="Pet.h">
      <Filter>소스 파일\SmartPointer</Filter>
    </ClInclude>
    <ClInclude Include="sharedPtr.h">
      <Filter>소스 파일\SmartPointer</Filter>
    </ClInclude>
    <ClInclude Include="linkedLIst.h">
      <Filter>소스 파일\LinkedList</Filter>
    </ClInclude>
    <ClInclude Include="Node.h">
      <Filter>소스 파일\LinkedList</Filter>
    </ClInclude>
    <ClInclude Include="Node2.h">
      <Filter>소스 파일\LinkedList</Filter>
    </ClInclude>
    <ClInclude Include="DoubleLinkedList.h">
      <Filter>소스 파일\LinkedList</Filter>
    </ClInclude>
    <ClInclude Include="SimpleHashMap.h">
      <Filter>소스 파일\constexpr</Filter>
    </ClInclude>
    <ClInclude Include="TemplateMetaPrograming.h">
      <Filter>소스 파일\constexpr</Filter>
    </ClInclude>
    <ClInclude Include="constexpr.h">
      <Filter>소스 파일\constexpr</Filter>
    </ClInclude>
    <ClInclude Include="SimpleHashMapTest.h">
      <Filter>소스 파일\constexpr</Filter>
    </ClInclude>
    <ClInclude Include="rvalueTest.h">
      <Filter>소스 파일\SmartPointer</Filter>
    </ClInclude>
    <ClInclude Include="Types.h">
      <Filter>소스 파일</Filter>
    </ClInclude>
    <ClInclude Include="LambdaExample.h">
      <Filter>소스 파일\Lambda</Filter>
    </ClInclude>
    <ClInclude Include="FileSystemSample.h">
      <Filter>소스 파일\FileSystem</Filter>
    </ClInclude>
    <ClInclude Include="MultiThread.h">
      <Filter>소스 파일\MultiThreading</Filter>
    </ClInclude>
    <ClInclude Include="Event.h">
      <Filter>소스 파일\MultiThreading</Filter>
    </ClInclude>
    <ClInclude Include="AutoResetTimerExample.h">
      <Filter>소스 파일</Filter>
    </ClInclude>
  </ItemGroup>
</Project>